
Microsoft Visual Studio Solution File, Format Version 12.00
# Visual Studio Version 16
VisualStudioVersion = 16.0.30330.147
MinimumVisualStudioVersion = 10.0.40219.1
Project("{FAE04EC0-301F-11D3-BF4B-00C04F79EFBC}") = "QuantityMeasurement", "QuantityMeasurement\QuantityMeasurement.csproj", "{6E49BC4C-8B93-4484-961C-88C3A0015142}"
EndProject
Project("{FAE04EC0-301F-11D3-BF4B-00C04F79EFBC}") = "QuantityMeasurementTest", "QuantityMeasurementTest\QuantityMeasurementTest.csproj", "{54FFD05D-759A-444B-B460-52023CF4C3F4}"
EndProject
Project("{2150E333-8FDC-42A3-9474-1A3956D46DE8}") = "Solution Items", "Solution Items", "{1ED2E740-D634-43A3-B3E8-95D2645A9837}"
	ProjectSection(SolutionItems) = preProject
		.editorconfig = .editorconfig
	EndProjectSection
EndProject
Global
	GlobalSection(SolutionConfigurationPlatforms) = preSolution
		Debug|Any CPU = Debug|Any CPU
		Release|Any CPU = Release|Any CPU
	EndGlobalSection
	GlobalSection(ProjectConfigurationPlatforms) = postSolution
		{6E49BC4C-8B93-4484-961C-88C3A0015142}.Debug|Any CPU.ActiveCfg = Debug|Any CPU
		{6E49BC4C-8B93-4484-961C-88C3A0015142}.Debug|Any CPU.Build.0 = Debug|Any CPU
		{6E49BC4C-8B93-4484-961C-88C3A0015142}.Release|Any CPU.ActiveCfg = Release|Any CPU
		{6E49BC4C-8B93-4484-961C-88C3A0015142}.Release|Any CPU.Build.0 = Release|Any CPU
		{54FFD05D-759A-444B-B460-52023CF4C3F4}.Debug|Any CPU.ActiveCfg = Debug|Any CPU
		{54FFD05D-759A-444B-B460-52023CF4C3F4}.Debug|Any CPU.Build.0 = Debug|Any CPU
		{54FFD05D-759A-444B-B460-52023CF4C3F4}.Release|Any CPU.ActiveCfg = Release|Any CPU
		{54FFD05D-759A-444B-B460-52023CF4C3F4}.Release|Any CPU.Build.0 = Release|Any CPU
	EndGlobalSection
	GlobalSection(SolutionProperties) = preSolution
		HideSolutionNode = FALSE
	EndGlobalSection
	GlobalSection(ExtensibilityGlobals) = postSolution
		SolutionGuid = {22099529-32D7-4899-AD03-D679AE3187F9}
	EndGlobalSection
EndGlobal
